
Microsoft Visual Studio Solution File, Format Version 12.00
# Visual Studio Version 16
VisualStudioVersion = 16.0.28803.452
MinimumVisualStudioVersion = 10.0.40219.1
Project("{FAE04EC0-301F-11D3-BF4B-00C04F79EFBC}") = "GrpcGreeter", "GrpcGreeter\GrpcGreeter.csproj", "{ED6BE17F-B5DB-4D00-A359-50537F355C7C}"
EndProject
Project("{FAE04EC0-301F-11D3-BF4B-00C04F79EFBC}") = "GrpcGreeterClient", "GrpcGreeterClient\GrpcGreeterClient.csproj", "{92D296DA-180C-4653-9E20-2B014467E419}"
EndProject
Global
	GlobalSection(SolutionConfigurationPlatforms) = preSolution
		Debug|Any CPU = Debug|Any CPU
		Release|Any CPU = Release|Any CPU
	EndGlobalSection
	GlobalSection(ProjectConfigurationPlatforms) = postSolution
		{ED6BE17F-B5DB-4D00-A359-50537F355C7C}.Debug|Any CPU.ActiveCfg = Debug|Any CPU
		{ED6BE17F-B5DB-4D00-A359-50537F355C7C}.Debug|Any CPU.Build.0 = Debug|Any CPU
		{ED6BE17F-B5DB-4D00-A359-50537F355C7C}.Release|Any CPU.ActiveCfg = Release|Any CPU
		{ED6BE17F-B5DB-4D00-A359-50537F355C7C}.Release|Any CPU.Build.0 = Release|Any CPU
		{92D296DA-180C-4653-9E20-2B014467E419}.Debug|Any CPU.ActiveCfg = Debug|Any CPU
		{92D296DA-180C-4653-9E20-2B014467E419}.Debug|Any CPU.Build.0 = Debug|Any CPU
		{92D296DA-180C-4653-9E20-2B014467E419}.Release|Any CPU.ActiveCfg = Release|Any CPU
		{92D296DA-180C-4653-9E20-2B014467E419}.Release|Any CPU.Build.0 = Release|Any CPU
	EndGlobalSection
	GlobalSection(SolutionProperties) = preSolution
		HideSolutionNode = FALSE
	EndGlobalSection
	GlobalSection(ExtensibilityGlobals) = postSolution
		SolutionGuid = {F635CD10-5CD6-417D-9901-A40BD418EDCB}
	EndGlobalSection
EndGlobal
